Microsoft Visual Studio Solution File, Format Version 12.00
# Visual Studio Version 16
VisualStudioVersion = 16.0.29025.244
MinimumVisualStudioVersion = 10.0.40219.1
Project("{2150E333-8FDC-42A3-9474-1A3956D46DE8}") = "src", "src", "{60D9D295-8A82-45D2-B0C2-2EDD33F560EE}"
EndProject
Project("{2150E333-8FDC-42A3-9474-1A3956D46DE8}") = "test", "test", "{E3CFF8D7-8C8F-4603-AA48-5F1D1CC952AB}"
EndProject
Project("{2150E333-8FDC-42A3-9474-1A3956D46DE8}") = "docs", "docs", "{C6EDE11D-F360-450A-8877-E84AE9DE3E8E}"
	ProjectSection(SolutionItems) = preProject
		docs\3rd-party-components.md = docs\3rd-party-components.md
	EndProjectSection
EndProject
Project("{2150E333-8FDC-42A3-9474-1A3956D46DE8}") = "build", "build", "{2D8B2364-9C3E-4A96-94AE-0F3AA17E3013}"
EndProject
Project("{9A19103F-16F7-4668-BE54-9A1E7A4F7556}") = "VirtoCommerce.Platform.Web", "src\VirtoCommerce.Platform.Web\VirtoCommerce.Platform.Web.csproj", "{1D377666-3501-4411-8F14-93CE699FEF1D}"
EndProject
Project("{9A19103F-16F7-4668-BE54-9A1E7A4F7556}") = "VirtoCommerce.Platform.Security", "src\VirtoCommerce.Platform.Security\VirtoCommerce.Platform.Security.csproj", "{68130A8A-4F00-4D93-8F27-288B9708D9CC}"
EndProject
Project("{9A19103F-16F7-4668-BE54-9A1E7A4F7556}") = "VirtoCommerce.Platform.Modules", "src\VirtoCommerce.Platform.Modules\VirtoCommerce.Platform.Modules.csproj", "{1B2B72E4-483D-439E-87E0-80FD94937D28}"
EndProject
Project("{9A19103F-16F7-4668-BE54-9A1E7A4F7556}") = "VirtoCommerce.Platform.Data", "src\VirtoCommerce.Platform.Data\VirtoCommerce.Platform.Data.csproj", "{6EA52A61-85F9-48AF-A4C1-0098FC90DB8E}"
EndProject
Project("{9A19103F-16F7-4668-BE54-9A1E7A4F7556}") = "VirtoCommerce.Platform.Core", "src\VirtoCommerce.Platform.Core\VirtoCommerce.Platform.Core.csproj", "{751B5BB5-9D76-4137-B4AD-D12E3CF5A053}"
EndProject
Project("{9A19103F-16F7-4668-BE54-9A1E7A4F7556}") = "VirtoCommerce.Platform.Assets.FileSystem", "src\VirtoCommerce.Platform.Assets.FileSystem\VirtoCommerce.Platform.Assets.FileSystem.csproj", "{F726B2F6-7082-4D23-8856-AC4C85AE221C}"
EndProject
Project("{9A19103F-16F7-4668-BE54-9A1E7A4F7556}") = "VirtoCommerce.Platform.Assets.AzureBlobStorage", "src\VirtoCommerce.Platform.Assets.AzureBlobStorage\VirtoCommerce.Platform.Assets.AzureBlobStorage.csproj", "{23C2D726-25E5-483F-898B-EDED71EED8D3}"
EndProject
Project("{9A19103F-16F7-4668-BE54-9A1E7A4F7556}") = "VirtoCommerce.Platform.Tests", "test\VirtoCommerce.Platform.Tests.csproj", "{BEA3C72B-DABA-4D02-8D8D-A6E3B730EBDF}"
EndProject
Global
	GlobalSection(SolutionConfigurationPlatforms) = preSolution
		Debug|Any CPU = Debug|Any CPU
		Release|Any CPU = Release|Any CPU
	EndGlobalSection
	GlobalSection(ProjectConfigurationPlatforms) = postSolution
		{1D377666-3501-4411-8F14-93CE699FEF1D}.Debug|Any CPU.ActiveCfg = Debug|Any CPU
		{1D377666-3501-4411-8F14-93CE699FEF1D}.Debug|Any CPU.Build.0 = Debug|Any CPU
		{1D377666-3501-4411-8F14-93CE699FEF1D}.Release|Any CPU.ActiveCfg = Release|Any CPU
		{1D377666-3501-4411-8F14-93CE699FEF1D}.Release|Any CPU.Build.0 = Release|Any CPU
		{68130A8A-4F00-4D93-8F27-288B9708D9CC}.Debug|Any CPU.ActiveCfg = Debug|Any CPU
		{68130A8A-4F00-4D93-8F27-288B9708D9CC}.Debug|Any CPU.Build.0 = Debug|Any CPU
		{68130A8A-4F00-4D93-8F27-288B9708D9CC}.Release|Any CPU.ActiveCfg = Release|Any CPU
		{68130A8A-4F00-4D93-8F27-288B9708D9CC}.Release|Any CPU.Build.0 = Release|Any CPU
		{1B2B72E4-483D-439E-87E0-80FD94937D28}.Debug|Any CPU.ActiveCfg = Debug|Any CPU
		{1B2B72E4-483D-439E-87E0-80FD94937D28}.Debug|Any CPU.Build.0 = Debug|Any CPU
		{1B2B72E4-483D-439E-87E0-80FD94937D28}.Release|Any CPU.ActiveCfg = Release|Any CPU
		{1B2B72E4-483D-439E-87E0-80FD94937D28}.Release|Any CPU.Build.0 = Release|Any CPU
		{6EA52A61-85F9-48AF-A4C1-0098FC90DB8E}.Debug|Any CPU.ActiveCfg = Debug|Any CPU
		{6EA52A61-85F9-48AF-A4C1-0098FC90DB8E}.Debug|Any CPU.Build.0 = Debug|Any CPU
		{6EA52A61-85F9-48AF-A4C1-0098FC90DB8E}.Release|Any CPU.ActiveCfg = Release|Any CPU
		{6EA52A61-85F9-48AF-A4C1-0098FC90DB8E}.Release|Any CPU.Build.0 = Release|Any CPU
		{751B5BB5-9D76-4137-B4AD-D12E3CF5A053}.Debug|Any CPU.ActiveCfg = Debug|Any CPU
		{751B5BB5-9D76-4137-B4AD-D12E3CF5A053}.Debug|Any CPU.Build.0 = Debug|Any CPU
		{751B5BB5-9D76-4137-B4AD-D12E3CF5A053}.Release|Any CPU.ActiveCfg = Release|Any CPU
		{751B5BB5-9D76-4137-B4AD-D12E3CF5A053}.Release|Any CPU.Build.0 = Release|Any CPU
		{F726B2F6-7082-4D23-8856-AC4C85AE221C}.Debug|Any CPU.ActiveCfg = Debug|Any CPU
		{F726B2F6-7082-4D23-8856-AC4C85AE221C}.Debug|Any CPU.Build.0 = Debug|Any CPU
		{F726B2F6-7082-4D23-8856-AC4C85AE221C}.Release|Any CPU.ActiveCfg = Release|Any CPU
		{F726B2F6-7082-4D23-8856-AC4C85AE221C}.Release|Any CPU.Build.0 = Release|Any CPU
		{23C2D726-25E5-483F-898B-EDED71EED8D3}.Debug|Any CPU.ActiveCfg = Debug|Any CPU
		{23C2D726-25E5-483F-898B-EDED71EED8D3}.Debug|Any CPU.Build.0 = Debug|Any CPU
		{23C2D726-25E5-483F-898B-EDED71EED8D3}.Release|Any CPU.ActiveCfg = Release|Any CPU
		{23C2D726-25E5-483F-898B-EDED71EED8D3}.Release|Any CPU.Build.0 = Release|Any CPU
		{BEA3C72B-DABA-4D02-8D8D-A6E3B730EBDF}.Debug|Any CPU.ActiveCfg = Debug|Any CPU
		{BEA3C72B-DABA-4D02-8D8D-A6E3B730EBDF}.Debug|Any CPU.Build.0 = Debug|Any CPU
		{BEA3C72B-DABA-4D02-8D8D-A6E3B730EBDF}.Release|Any CPU.ActiveCfg = Release|Any CPU
		{BEA3C72B-DABA-4D02-8D8D-A6E3B730EBDF}.Release|Any CPU.Build.0 = Release|Any CPU
	EndGlobalSection
	GlobalSection(SolutionProperties) = preSolution
		HideSolutionNode = FALSE
	EndGlobalSection
	GlobalSection(NestedProjects) = preSolution
		{1D377666-3501-4411-8F14-93CE699FEF1D} = {60D9D295-8A82-45D2-B0C2-2EDD33F560EE}
		{68130A8A-4F00-4D93-8F27-288B9708D9CC} = {60D9D295-8A82-45D2-B0C2-2EDD33F560EE}
		{1B2B72E4-483D-439E-87E0-80FD94937D28} = {60D9D295-8A82-45D2-B0C2-2EDD33F560EE}
		{6EA52A61-85F9-48AF-A4C1-0098FC90DB8E} = {60D9D295-8A82-45D2-B0C2-2EDD33F560EE}
		{751B5BB5-9D76-4137-B4AD-D12E3CF5A053} = {60D9D295-8A82-45D2-B0C2-2EDD33F560EE}
		{F726B2F6-7082-4D23-8856-AC4C85AE221C} = {60D9D295-8A82-45D2-B0C2-2EDD33F560EE}
		{23C2D726-25E5-483F-898B-EDED71EED8D3} = {60D9D295-8A82-45D2-B0C2-2EDD33F560EE}
		{BEA3C72B-DABA-4D02-8D8D-A6E3B730EBDF} = {E3CFF8D7-8C8F-4603-AA48-5F1D1CC952AB}
	EndGlobalSection
	GlobalSection(ExtensibilityGlobals) = postSolution
		SolutionGuid = {01A94F38-27D1-412F-A4F4-F00991D1157C}
	EndGlobalSection
EndGlobal
